// !$*UTF8*$!
{
	archiveVersion = 1;
	classes = {
	};
	objectVersion = 56;
	objects = {

/* Begin PBXBuildFile section */
		3D5AAA1829F01619000381D5 /* AppDelegate.swift in Sources */ = {isa = PBXBuildFile; fileRef = 3D5AAA1729F01619000381D5 /* AppDelegate.swift */; };
		3D5AAA1A29F01619000381D5 /* SceneDelegate.swift in Sources */ = {isa = PBXBuildFile; fileRef = 3D5AAA1929F01619000381D5 /* SceneDelegate.swift */; };
		3D5AAA1C29F01619000381D5 /* ViewController.swift in Sources */ = {isa = PBXBuildFile; fileRef = 3D5AAA1B29F01619000381D5 /* ViewController.swift */; };
		3D5AAA1F29F01619000381D5 /* Main.storyboard in Resources */ = {isa = PBXBuildFile; fileRef = 3D5AAA1D29F01619000381D5 /* Main.storyboard */; };
		3D5AAA2129F0161B000381D5 /* Assets.xcassets in Resources */ = {isa = PBXBuildFile; fileRef = 3D5AAA2029F0161B000381D5 /* Assets.xcassets */; };
		3D5AAA2429F0161B000381D5 /* LaunchScreen.storyboard in Resources */ = {isa = PBXBuildFile; fileRef = 3D5AAA2229F0161B000381D5 /* LaunchScreen.storyboard */; };
		3D5AAA2F29F0161B000381D5 /* test1Tests.swift in Sources */ = {isa = PBXBuildFile; fileRef = 3D5AAA2E29F0161B000381D5 /* test1Tests.swift */; };
		3D5AAA3929F0161B000381D5 /* test1UITests.swift in Sources */ = {isa = PBXBuildFile; fileRef = 3D5AAA3829F0161B000381D5 /* test1UITests.swift */; };
		3D5AAA3B29F0161B000381D5 /* test1UITestsLaunchTests.swift in Sources */ = {isa = PBXBuildFile; fileRef = 3D5AAA3A29F0161B000381D5 /* test1UITestsLaunchTests.swift */; };
/* End PBXBuildFile section */

/* Begin PBXContainerItemProxy section */
		3D5AAA2B29F0161B000381D5 /* PBXContainerItemProxy */ = {
			isa = PBXContainerItemProxy;
			containerPortal = 3D5AAA0C29F01619000381D5 /* Project object */;
			proxyType = 1;
			remoteGlobalIDString = 3D5AAA1329F01619000381D5;
			remoteInfo = test1;
		};
		3D5AAA3529F0161B000381D5 /* PBXContainerItemProxy */ = {
			isa = PBXContainerItemProxy;
			containerPortal = 3D5AAA0C29F01619000381D5 /* Project object */;
			proxyType = 1;
			remoteGlobalIDString = 3D5AAA1329F01619000381D5;
			remoteInfo = test1;
		};
/* End PBXContainerItemProxy section */

/* Begin PBXFileReference section */
		3D5AAA1429F01619000381D5 /* test1.app */ = {isa = PBXFileReference; explicitFileType = wrapper.application; includeInIndex = 0; path = test1.app; sourceTree = BUILT_PRODUCTS_DIR; };
		3D5AAA1729F01619000381D5 /* AppDelegate.swift */ = {isa = PBXFileReference; lastKnownFileType = sourcecode.swift; path = AppDelegate.swift; sourceTree = "<group>"; };
		3D5AAA1929F01619000381D5 /* SceneDelegate.swift */ = {isa = PBXFileReference; lastKnownFileType = sourcecode.swift; path = SceneDelegate.swift; sourceTree = "<group>"; };
		3D5AAA1B29F01619000381D5 /* ViewController.swift */ = {isa = PBXFileReference; lastKnownFileType = sourcecode.swift; path = ViewController.swift; sourceTree = "<group>"; };
		3D5AAA1E29F01619000381D5 /* Base */ = {isa = PBXFileReference; lastKnownFileType = file.storyboard; name = Base; path = Base.lproj/Main.storyboard; sourceTree = "<group>"; };
		3D5AAA2029F0161B000381D5 /* Assets.xcassets */ = {isa = PBXFileReference; lastKnownFileType = folder.assetcatalog; path = Assets.xcassets; sourceTree = "<group>"; };
		3D5AAA2329F0161B000381D5 /* Base */ = {isa = PBXFileReference; lastKnownFileType = file.storyboard; name = Base; path = Base.lproj/LaunchScreen.storyboard; sourceTree = "<group>"; };
		3D5AAA2529F0161B000381D5 /* Info.plist */ = {isa = PBXFileReference; lastKnownFileType = text.plist.xml; path = Info.plist; sourceTree = "<group>"; };
		3D5AAA2A29F0161B000381D5 /* test1Tests.xctest */ = {isa = PBXFileReference; explicitFileType = wrapper.cfbundle; includeInIndex = 0; path = test1Tests.xctest; sourceTree = BUILT_PRODUCTS_DIR; };
		3D5AAA2E29F0161B000381D5 /* test1Tests.swift */ = {isa = PBXFileReference; lastKnownFileType = sourcecode.swift; path = test1Tests.swift; sourceTree = "<group>"; };
		3D5AAA3429F0161B000381D5 /* test1UITests.xctest */ = {isa = PBXFileReference; explicitFileType = wrapper.cfbundle; includeInIndex = 0; path = test1UITests.xctest; sourceTree = BUILT_PRODUCTS_DIR; };
		3D5AAA3829F0161B000381D5 /* test1UITests.swift */ = {isa = PBXFileReference; lastKnownFileType = sourcecode.swift; path = test1UITests.swift; sourceTree = "<group>"; };
		3D5AAA3A29F0161B000381D5 /* test1UITestsLaunchTests.swift */ = {isa = PBXFileReference; lastKnownFileType = sourcecode.swift; path = test1UITestsLaunchTests.swift; sourceTree = "<group>"; };
/* End PBXFileReference section */

/* Begin PBXFrameworksBuildPhase section */
		3D5AAA1129F01619000381D5 /* Frameworks */ = {
			isa = PBXFrameworksBuildPhase;
			buildActionMask = 2147483647;
			files = (
			);
			runOnlyForDeploymentPostprocessing = 0;
		};
		3D5AAA2729F0161B000381D5 /* Frameworks */ = {
			isa = PBXFrameworksBuildPhase;
			buildActionMask = 2147483647;
			files = (
			);
			runOnlyForDeploymentPostprocessing = 0;
		};
		3D5AAA3129F0161B000381D5 /* Frameworks */ = {
			isa = PBXFrameworksBuildPhase;
			buildActionMask = 2147483647;
			files = (
			);
			runOnlyForDeploymentPostprocessing = 0;
		};
/* End PBXFrameworksBuildPhase section */

/* Begin PBXGroup section */
		3D5AAA0B29F01619000381D5 = {
			isa = PBXGroup;
			children = (
				3D5AAA1629F01619000381D5 /* test1 */,
				3D5AAA2D29F0161B000381D5 /* test1Tests */,
				3D5AAA3729F0161B000381D5 /* test1UITests */,
				3D5AAA1529F01619000381D5 /* Products */,
			);
			sourceTree = "<group>";
		};
		3D5AAA1529F01619000381D5 /* Products */ = {
			isa = PBXGroup;
			children = (
				3D5AAA1429F01619000381D5 /* test1.app */,
				3D5AAA2A29F0161B000381D5 /* test1Tests.xctest */,
				3D5AAA3429F0161B000381D5 /* test1UITests.xctest */,
			);
			name = Products;
			sourceTree = "<group>";
		};
		3D5AAA1629F01619000381D5 /* test1 */ = {
			isa = PBXGroup;
			children = (
				3D5AAA1729F01619000381D5 /* AppDelegate.swift */,
				3D5AAA1929F01619000381D5 /* SceneDelegate.swift */,
				3D5AAA1B29F01619000381D5 /* ViewController.swift */,
				3D5AAA1D29F01619000381D5 /* Main.storyboard */,
				3D5AAA2029F0161B000381D5 /* Assets.xcassets */,
				3D5AAA2229F0161B000381D5 /* LaunchScreen.storyboard */,
				3D5AAA2529F0161B000381D5 /* Info.plist */,
			);
			path = test1;
			sourceTree = "<group>";
		};
		3D5AAA2D29F0161B000381D5 /* test1Tests */ = {
			isa = PBXGroup;
			children = (
				3D5AAA2E29F0161B000381D5 /* test1Tests.swift */,
			);
			path = test1Tests;
			sourceTree = "<group>";
		};
		3D5AAA3729F0161B000381D5 /* test1UITests */ = {
			isa = PBXGroup;
			children = (
				3D5AAA3829F0161B000381D5 /* test1UITests.swift */,
				3D5AAA3A29F0161B000381D5 /* test1UITestsLaunchTests.swift */,
			);
			path = test1UITests;
			sourceTree = "<group>";
		};
/* End PBXGroup section */

/* Begin PBXNativeTarget section */
		3D5AAA1329F01619000381D5 /* test1 */ = {
			isa = PBXNativeTarget;
			buildConfigurationList = 3D5AAA3E29F0161B000381D5 /* Build configuration list for PBXNativeTarget "test1" */;
			buildPhases = (
				3D5AAA1029F01619000381D5 /* Sources */,
				3D5AAA1129F01619000381D5 /* Frameworks */,
				3D5AAA1229F01619000381D5 /* Resources */,
			);
			buildRules = (
			);
			dependencies = (
			);
			name = test1;
			productName = test1;
			productReference = 3D5AAA1429F01619000381D5 /* test1.app */;
			productType = "com.apple.product-type.application";
		};
		3D5AAA2929F0161B000381D5 /* test1Tests */ = {
			isa = PBXNativeTarget;
			buildConfigurationList = 3D5AAA4129F0161B000381D5 /* Build configuration list for PBXNativeTarget "test1Tests" */;
			buildPhases = (
				3D5AAA2629F0161B000381D5 /* Sources */,
				3D5AAA2729F0161B000381D5 /* Frameworks */,
				3D5AAA2829F0161B000381D5 /* Resources */,
			);
			buildRules = (
			);
			dependencies = (
				3D5AAA2C29F0161B000381D5 /* PBXTargetDependency */,
			);
			name = test1Tests;
			productName = test1Tests;
			productReference = 3D5AAA2A29F0161B000381D5 /* test1Tests.xctest */;
			productType = "com.apple.product-type.bundle.unit-test";
		};
		3D5AAA3329F0161B000381D5 /* test1UITests */ = {
			isa = PBXNativeTarget;
			buildConfigurationList = 3D5AAA4429F0161B000381D5 /* Build configuration list for PBXNativeTarget "test1UITests" */;
			buildPhases = (
				3D5AAA3029F0161B000381D5 /* Sources */,
				3D5AAA3129F0161B000381D5 /* Frameworks */,
				3D5AAA3229F0161B000381D5 /* Resources */,
			);
			buildRules = (
			);
			dependencies = (
				3D5AAA3629F0161B000381D5 /* PBXTargetDependency */,
			);
			name = test1UITests;
			productName = test1UITests;
			productReference = 3D5AAA3429F0161B000381D5 /* test1UITests.xctest */;
			productType = "com.apple.product-type.bundle.ui-testing";
		};
/* End PBXNativeTarget section */

/* Begin PBXProject section */
		3D5AAA0C29F01619000381D5 /* Project object */ = {
			isa = PBXProject;
			attributes = {
				BuildIndependentTargetsInParallel = 1;
				LastSwiftUpdateCheck = 1430;
				LastUpgradeCheck = 1430;
				TargetAttributes = {
					3D5AAA1329F01619000381D5 = {
						CreatedOnToolsVersion = 14.3;
					};
					3D5AAA2929F0161B000381D5 = {
						CreatedOnToolsVersion = 14.3;
						TestTargetID = 3D5AAA1329F01619000381D5;
					};
					3D5AAA3329F0161B000381D5 = {
						CreatedOnToolsVersion = 14.3;
						TestTargetID = 3D5AAA1329F01619000381D5;
					};
				};
			};
			buildConfigurationList = 3D5AAA0F29F01619000381D5 /* Build configuration list for PBXProject "test1" */;
			compatibilityVersion = "Xcode 14.0";
			developmentRegion = en;
			hasScannedForEncodings = 0;
			knownRegions = (
				en,
				Base,
			);
			mainGroup = 3D5AAA0B29F01619000381D5;
			productRefGroup = 3D5AAA1529F01619000381D5 /* Products */;
			projectDirPath = "";
			projectRoot = "";
			targets = (
				3D5AAA1329F01619000381D5 /* test1 */,
				3D5AAA2929F0161B000381D5 /* test1Tests */,
				3D5AAA3329F0161B000381D5 /* test1UITests */,
			);
		};
/* End PBXProject section */

/* Begin PBXResourcesBuildPhase section */
		3D5AAA1229F01619000381D5 /* Resources */ = {
			isa = PBXResourcesBuildPhase;
			buildActionMask = 2147483647;
			files = (
				3D5AAA2429F0161B000381D5 /* LaunchScreen.storyboard in Resources */,
				3D5AAA2129F0161B000381D5 /* Assets.xcassets in Resources */,
				3D5AAA1F29F01619000381D5 /* Main.storyboard in Resources */,
			);
			runOnlyForDeploymentPostprocessing = 0;
		};
		3D5AAA2829F0161B000381D5 /* Resources */ = {
			isa = PBXResourcesBuildPhase;
			buildActionMask = 2147483647;
			files = (
			);
			runOnlyForDeploymentPostprocessing = 0;
		};
		3D5AAA3229F0161B000381D5 /* Resources */ = {
			isa = PBXResourcesBuildPhase;
			buildActionMask = 2147483647;
			files = (
			);
			runOnlyForDeploymentPostprocessing = 0;
		};
/* End PBXResourcesBuildPhase section */

/* Begin PBXSourcesBuildPhase section */
		3D5AAA1029F01619000381D5 /* Sources */ = {
			isa = PBXSourcesBuildPhase;
			buildActionMask = 2147483647;
			files = (
				3D5AAA1C29F01619000381D5 /* ViewController.swift in Sources */,
				3D5AAA1829F01619000381D5 /* AppDelegate.swift in Sources */,
				3D5AAA1A29F01619000381D5 /* SceneDelegate.swift in Sources */,
			);
			runOnlyForDeploymentPostprocessing = 0;
		};
		3D5AAA2629F0161B000381D5 /* Sources */ = {
			isa = PBXSourcesBuildPhase;
			buildActionMask = 2147483647;
			files = (
				3D5AAA2F29F0161B000381D5 /* test1Tests.swift in Sources */,
			);
			runOnlyForDeploymentPostprocessing = 0;
		};
		3D5AAA3029F0161B000381D5 /* Sources */ = {
			isa = PBXSourcesBuildPhase;
			buildActionMask = 2147483647;
			files = (
				3D5AAA3B29F0161B000381D5 /* test1UITestsLaunchTests.swift in Sources */,
				3D5AAA3929F0161B000381D5 /* test1UITests.swift in Sources */,
			);
			runOnlyForDeploymentPostprocessing = 0;
		};
/* End PBXSourcesBuildPhase section */

/* Begin PBXTargetDependency section */
		3D5AAA2C29F0161B000381D5 /* PBXTargetDependency */ = {
			isa = PBXTargetDependency;
			target = 3D5AAA1329F01619000381D5 /* test1 */;
			targetProxy = 3D5AAA2B29F0161B000381D5 /* PBXContainerItemProxy */;
		};
		3D5AAA3629F0161B000381D5 /* PBXTargetDependency */ = {
			isa = PBXTargetDependency;
			target = 3D5AAA1329F01619000381D5 /* test1 */;
			targetProxy = 3D5AAA3529F0161B000381D5 /* PBXContainerItemProxy */;
		};
/* End PBXTargetDependency section */

/* Begin PBXVariantGroup section */
		3D5AAA1D29F01619000381D5 /* Main.storyboard */ = {
			isa = PBXVariantGroup;
			children = (
				3D5AAA1E29F01619000381D5 /* Base */,
			);
			name = Main.storyboard;
			sourceTree = "<group>";
		};
		3D5AAA2229F0161B000381D5 /* LaunchScreen.storyboard */ = {
			isa = PBXVariantGroup;
			children = (
				3D5AAA2329F0161B000381D5 /* Base */,
			);
			name = LaunchScreen.storyboard;
			sourceTree = "<group>";
		};
/* End PBXVariantGroup section */

/* Begin XCBuildConfiguration section */
		3D5AAA3C29F0161B000381D5 /* Debug */ = {
			isa = XCBuildConfiguration;
			buildSettings = {
				ALWAYS_SEARCH_USER_PATHS = NO;
				CLANG_ANALYZER_NONNULL = YES;
				CLANG_ANALYZER_NUMBER_OBJECT_CONVERSION = YES_AGGRESSIVE;
				CLANG_CXX_LANGUAGE_STANDARD = "gnu++20";
				CLANG_ENABLE_MODULES = YES;
				CLANG_ENABLE_OBJC_ARC = YES;
				CLANG_ENABLE_OBJC_WEAK = YES;
				CLANG_WARN_BLOCK_CAPTURE_AUTORELEASING = YES;
				CLANG_WARN_BOOL_CONVERSION = YES;
				CLANG_WARN_COMMA = YES;
				CLANG_WARN_CONSTANT_CONVERSION = YES;
				CLANG_WARN_DEPRECATED_OBJC_IMPLEMENTATIONS = YES;
				CLANG_WARN_DIRECT_OBJC_ISA_USAGE = YES_ERROR;
				CLANG_WARN_DOCUMENTATION_COMMENTS = YES;
				CLANG_WARN_EMPTY_BODY = YES;
				CLANG_WARN_ENUM_CONVERSION = YES;
				CLANG_WARN_INFINITE_RECURSION = YES;
				CLANG_WARN_INT_CONVERSION = YES;
				CLANG_WARN_NON_LITERAL_NULL_CONVERSION = YES;
				CLANG_WARN_OBJC_IMPLICIT_RETAIN_SELF = YES;
				CLANG_WARN_OBJC_LITERAL_CONVERSION = YES;
				CLANG_WARN_OBJC_ROOT_CLASS = YES_ERROR;
				CLANG_WARN_QUOTED_INCLUDE_IN_FRAMEWORK_HEADER = YES;
				CLANG_WARN_RANGE_LOOP_ANALYSIS = YES;
				CLANG_WARN_STRICT_PROTOTYPES = YES;
				CLANG_WARN_SUSPICIOUS_MOVE = YES;
				CLANG_WARN_UNGUARDED_AVAILABILITY = YES_AGGRESSIVE;
				CLANG_WARN_UNREACHABLE_CODE = YES;
				CLANG_WARN__DUPLICATE_METHOD_MATCH = YES;
				COPY_PHASE_STRIP = NO;
				DEBUG_INFORMATION_FORMAT = dwarf;
				ENABLE_STRICT_OBJC_MSGSEND = YES;
				ENABLE_TESTABILITY = YES;
				GCC_C_LANGUAGE_STANDARD = gnu11;
				GCC_DYNAMIC_NO_PIC = NO;
				GCC_NO_COMMON_BLOCKS = YES;
				GCC_OPTIMIZATION_LEVEL = 0;
				GCC_PREPROCESSOR_DEFINITIONS = (
					"DEBUG=1",
					"$(inherited)",
				);
				GCC_WARN_64_TO_32_BIT_CONVERSION = YES;
				GCC_WARN_ABOUT_RETURN_TYPE = YES_ERROR;
				GCC_WARN_UNDECLARED_SELECTOR = YES;
				GCC_WARN_UNINITIALIZED_AUTOS = YES_AGGRESSIVE;
				GCC_WARN_UNUSED_FUNCTION = YES;
				GCC_WARN_UNUSED_VARIABLE = YES;
				IPHONEOS_DEPLOYMENT_TARGET = 16.4;
				MTL_ENABLE_DEBUG_INFO = INCLUDE_SOURCE;
				MTL_FAST_MATH = YES;
				ONLY_ACTIVE_ARCH = YES;
				SDKROOT = iphoneos;
				SWIFT_ACTIVE_COMPILATION_CONDITIONS = DEBUG;
				SWIFT_OPTIMIZATION_LEVEL = "-Onone";
			};
			name = Debug;
		};
		3D5AAA3D29F0161B000381D5 /* Release */ = {
			isa = XCBuildConfiguration;
			buildSettings = {
				ALWAYS_SEARCH_USER_PATHS = NO;
				CLANG_ANALYZER_NONNULL = YES;
				CLANG_ANALYZER_NUMBER_OBJECT_CONVERSION = YES_AGGRESSIVE;
				CLANG_CXX_LANGUAGE_STANDARD = "gnu++20";
				CLANG_ENABLE_MODULES = YES;
				CLANG_ENABLE_OBJC_ARC = YES;
				CLANG_ENABLE_OBJC_WEAK = YES;
				CLANG_WARN_BLOCK_CAPTURE_AUTORELEASING = YES;
				CLANG_WARN_BOOL_CONVERSION = YES;
				CLANG_WARN_COMMA = YES;
				CLANG_WARN_CONSTANT_CONVERSION = YES;
				CLANG_WARN_DEPRECATED_OBJC_IMPLEMENTATIONS = YES;
				CLANG_WARN_DIRECT_OBJC_ISA_USAGE = YES_ERROR;
				CLANG_WARN_DOCUMENTATION_COMMENTS = YES;
				CLANG_WARN_EMPTY_BODY = YES;
				CLANG_WARN_ENUM_CONVERSION = YES;
				CLANG_WARN_INFINITE_RECURSION = YES;
				CLANG_WARN_INT_CONVERSION = YES;
				CLANG_WARN_NON_LITERAL_NULL_CONVERSION = YES;
				CLANG_WARN_OBJC_IMPLICIT_RETAIN_SELF = YES;
				CLANG_WARN_OBJC_LITERAL_CONVERSION = YES;
				CLANG_WARN_OBJC_ROOT_CLASS = YES_ERROR;
				CLANG_WARN_QUOTED_INCLUDE_IN_FRAMEWORK_HEADER = YES;
				CLANG_WARN_RANGE_LOOP_ANALYSIS = YES;
				CLANG_WARN_STRICT_PROTOTYPES = YES;
				CLANG_WARN_SUSPICIOUS_MOVE = YES;
				CLANG_WARN_UNGUARDED_AVAILABILITY = YES_AGGRESSIVE;
				CLANG_WARN_UNREACHABLE_CODE = YES;
				CLANG_WARN__DUPLICATE_METHOD_MATCH = YES;
				COPY_PHASE_STRIP = NO;
				DEBUG_INFORMATION_FORMAT = "dwarf-with-dsym";
				ENABLE_NS_ASSERTIONS = NO;
				ENABLE_STRICT_OBJC_MSGSEND = YES;
				GCC_C_LANGUAGE_STANDARD = gnu11;
				GCC_NO_COMMON_BLOCKS = YES;
				GCC_WARN_64_TO_32_BIT_CONVERSION = YES;
				GCC_WARN_ABOUT_RETURN_TYPE = YES_ERROR;
				GCC_WARN_UNDECLARED_SELECTOR = YES;
				GCC_WARN_UNINITIALIZED_AUTOS = YES_AGGRESSIVE;
				GCC_WARN_UNUSED_FUNCTION = YES;
				GCC_WARN_UNUSED_VARIABLE = YES;
				IPHONEOS_DEPLOYMENT_TARGET = 16.4;
				MTL_ENABLE_DEBUG_INFO = NO;
				MTL_FAST_MATH = YES;
				SDKROOT = iphoneos;
				SWIFT_COMPILATION_MODE = wholemodule;
				SWIFT_OPTIMIZATION_LEVEL = "-O";
				VALIDATE_PRODUCT = YES;
			};
			name = Release;
		};
		3D5AAA3F29F0161B000381D5 /* Debug */ = {
			isa = XCBuildConfiguration;
			buildSettings = {
				ASSETCATALOG_COMPILER_APPICON_NAME = AppIcon;
				ASSETCATALOG_COMPILER_GLOBAL_ACCENT_COLOR_NAME = AccentColor;
				CODE_SIGN_STYLE = Automatic;
				CURRENT_PROJECT_VERSION = 1;
				GENERATE_INFOPLIST_FILE = YES;
				INFOPLIST_FILE = test1/Info.plist;
				INFOPLIST_KEY_UIApplicationSupportsIndirectInputEvents = YES;
				INFOPLIST_KEY_UILaunchStoryboardName = LaunchScreen;
				INFOPLIST_KEY_UIMainStoryboardFile = Main;
				INFOPLIST_KEY_UISupportedInterfaceOrientations_iPad = "UIInterfaceOrientationPortrait UIInterfaceOrientationPortraitUpsideDown UIInterfaceOrientationLandscapeLeft UIInterfaceOrientationLandscapeRight";
				INFOPLIST_KEY_UISupportedInterfaceOrientations_iPhone = "UIInterfaceOrientationPortrait UIInterfaceOrientationLandscapeLeft UIInterfaceOrientationLandscapeRight";
				LD_RUNPATH_SEARCH_PATHS = (
					"$(inherited)",
					"@executable_path/Frameworks",
				);
				MARKETING_VERSION = 1.0;
				PRODUCT_BUNDLE_IDENTIFIER = test1.test1;
				PRODUCT_NAME = "$(TARGET_NAME)";
				SWIFT_EMIT_LOC_STRINGS = YES;
				SWIFT_VERSION = 5.0;
				TARGETED_DEVICE_FAMILY = "1,2";
			};
			name = Debug;
		};
		3D5AAA4029F0161B000381D5 /* Release */ = {
			isa = XCBuildConfiguration;
			buildSettings = {
				ASSETCATALOG_COMPILER_APPICON_NAME = AppIcon;
				ASSETCATALOG_COMPILER_GLOBAL_ACCENT_COLOR_NAME = AccentColor;
				CODE_SIGN_STYLE = Automatic;
				CURRENT_PROJECT_VERSION = 1;
				GENERATE_INFOPLIST_FILE = YES;
				INFOPLIST_FILE = test1/Info.plist;
				INFOPLIST_KEY_UIApplicationSupportsIndirectInputEvents = YES;
				INFOPLIST_KEY_UILaunchStoryboardName = LaunchScreen;
				INFOPLIST_KEY_UIMainStoryboardFile = Main;
				INFOPLIST_KEY_UISupportedInterfaceOrientations_iPad = "UIInterfaceOrientationPortrait UIInterfaceOrientationPortraitUpsideDown UIInterfaceOrientationLandscapeLeft UIInterfaceOrientationLandscapeRight";
				INFOPLIST_KEY_UISupportedInterfaceOrientations_iPhone = "UIInterfaceOrientationPortrait UIInterfaceOrientationLandscapeLeft UIInterfaceOrientationLandscapeRight";
				LD_RUNPATH_SEARCH_PATHS = (
					"$(inherited)",
					"@executable_path/Frameworks",
				);
				MARKETING_VERSION = 1.0;
				PRODUCT_BUNDLE_IDENTIFIER = test1.test1;
				PRODUCT_NAME = "$(TARGET_NAME)";
				SWIFT_EMIT_LOC_STRINGS = YES;
				SWIFT_VERSION = 5.0;
				TARGETED_DEVICE_FAMILY = "1,2";
			};
			name = Release;
		};
		3D5AAA4229F0161B000381D5 /* Debug */ = {
			isa = XCBuildConfiguration;
			buildSettings = {
				ALWAYS_EMBED_SWIFT_STANDARD_LIBRARIES = YES;
				BUNDLE_LOADER = "$(TEST_HOST)";
				CODE_SIGN_STYLE = Automatic;
				CURRENT_PROJECT_VERSION = 1;
				GENERATE_INFOPLIST_FILE = YES;
				IPHONEOS_DEPLOYMENT_TARGET = 16.4;
				MARKETING_VERSION = 1.0;
				PRODUCT_BUNDLE_IDENTIFIER = test1.test1Tests;
				PRODUCT_NAME = "$(TARGET_NAME)";
				SWIFT_EMIT_LOC_STRINGS = NO;
				SWIFT_VERSION = 5.0;
				TARGETED_DEVICE_FAMILY = "1,2";
				TEST_HOST = "$(BUILT_PRODUCTS_DIR)/test1.app/$(BUNDLE_EXECUTABLE_FOLDER_PATH)/test1";
			};
			name = Debug;
		};
		3D5AAA4329F0161B000381D5 /* Release */ = {
			isa = XCBuildConfiguration;
			buildSettings = {
				ALWAYS_EMBED_SWIFT_STANDARD_LIBRARIES = YES;
				BUNDLE_LOADER = "$(TEST_HOST)";
				CODE_SIGN_STYLE = Automatic;
				CURRENT_PROJECT_VERSION = 1;
				GENERATE_INFOPLIST_FILE = YES;
				IPHONEOS_DEPLOYMENT_TARGET = 16.4;
				MARKETING_VERSION = 1.0;
				PRODUCT_BUNDLE_IDENTIFIER = test1.test1Tests;
				PRODUCT_NAME = "$(TARGET_NAME)";
				SWIFT_EMIT_LOC_STRINGS = NO;
				SWIFT_VERSION = 5.0;
				TARGETED_DEVICE_FAMILY = "1,2";
				TEST_HOST = "$(BUILT_PRODUCTS_DIR)/test1.app/$(BUNDLE_EXECUTABLE_FOLDER_PATH)/test1";
			};
			name = Release;
		};
		3D5AAA4529F0161B000381D5 /* Debug */ = {
			isa = XCBuildConfiguration;
			buildSettings = {
				ALWAYS_EMBED_SWIFT_STANDARD_LIBRARIES = YES;
				CODE_SIGN_STYLE = Automatic;
				CURRENT_PROJECT_VERSION = 1;
				GENERATE_INFOPLIST_FILE = YES;
				MARKETING_VERSION = 1.0;
				PRODUCT_BUNDLE_IDENTIFIER = test1.test1UITests;
				PRODUCT_NAME = "$(TARGET_NAME)";
				SWIFT_EMIT_LOC_STRINGS = NO;
				SWIFT_VERSION = 5.0;
				TARGETED_DEVICE_FAMILY = "1,2";
				TEST_TARGET_NAME = test1;
			};
			name = Debug;
		};
		3D5AAA4629F0161B000381D5 /* Release */ = {
			isa = XCBuildConfiguration;
			buildSettings = {
				ALWAYS_EMBED_SWIFT_STANDARD_LIBRARIES = YES;
				CODE_SIGN_STYLE = Automatic;
				CURRENT_PROJECT_VERSION = 1;
				GENERATE_INFOPLIST_FILE = YES;
				MARKETING_VERSION = 1.0;
				PRODUCT_BUNDLE_IDENTIFIER = test1.test1UITests;
				PRODUCT_NAME = "$(TARGET_NAME)";
				SWIFT_EMIT_LOC_STRINGS = NO;
				SWIFT_VERSION = 5.0;
				TARGETED_DEVICE_FAMILY = "1,2";
				TEST_TARGET_NAME = test1;
			};
			name = Release;
		};
/* End XCBuildConfiguration section */

/* Begin XCConfigurationList section */
		3D5AAA0F29F01619000381D5 /* Build configuration list for PBXProject "test1" */ = {
			isa = XCConfigurationList;
			buildConfigurations = (
				3D5AAA3C29F0161B000381D5 /* Debug */,
				3D5AAA3D29F0161B000381D5 /* Release */,
			);
			defaultConfigurationIsVisible = 0;
			defaultConfigurationName = Release;
		};
		3D5AAA3E29F0161B000381D5 /* Build configuration list for PBXNativeTarget "test1" */ = {
			isa = XCConfigurationList;
			buildConfigurations = (
				3D5AAA3F29F0161B000381D5 /* Debug */,
				3D5AAA4029F0161B000381D5 /* Release */,
			);
			defaultConfigurationIsVisible = 0;
			defaultConfigurationName = Release;
		};
		3D5AAA4129F0161B000381D5 /* Build configuration list for PBXNativeTarget "test1Tests" */ = {
			isa = XCConfigurationList;
			buildConfigurations = (
				3D5AAA4229F0161B000381D5 /* Debug */,
				3D5AAA4329F0161B000381D5 /* Release */,
			);
			defaultConfigurationIsVisible = 0;
			defaultConfigurationName = Release;
		};
		3D5AAA4429F0161B000381D5 /* Build configuration list for PBXNativeTarget "test1UITests" */ = {
			isa = XCConfigurationList;
			buildConfigurations = (
				3D5AAA4529F0161B000381D5 /* Debug */,
				3D5AAA4629F0161B000381D5 /* Release */,
			);
			defaultConfigurationIsVisible = 0;
			defaultConfigurationName = Release;
		};
/* End XCConfigurationList section */
	};
	rootObject = 3D5AAA0C29F01619000381D5 /* Project object */;
}
